// !$*UTF8*$!
{
	archiveVersion = 1;
	classes = {
	};
	objectVersion = 51;
	objects = {

/* Begin PBXBuildFile section */
		091374E52611C8460005367E /* Photos.swift in Sources */ = {isa = PBXBuildFile; fileRef = 091374E42611C8460005367E /* Photos.swift */; };
		091374FF2611D6790005367E /* PhotoViewCell.swift in Sources */ = {isa = PBXBuildFile; fileRef = 091374FD2611D6790005367E /* PhotoViewCell.swift */; };
		091375002611D6790005367E /* PhotoViewCell.xib in Resources */ = {isa = PBXBuildFile; fileRef = 091374FE2611D6790005367E /* PhotoViewCell.xib */; };
		091375052611DD760005367E /* DetailInteractor.swift in Sources */ = {isa = PBXBuildFile; fileRef = 091375042611DD760005367E /* DetailInteractor.swift */; };
		0913750B2611EA380005367E /* TipCell.swift in Sources */ = {isa = PBXBuildFile; fileRef = 091375092611EA380005367E /* TipCell.swift */; };
		0913750C2611EA380005367E /* TipCell.xib in Resources */ = {isa = PBXBuildFile; fileRef = 0913750A2611EA380005367E /* TipCell.xib */; };
		091375112611F49F0005367E /* DetailPresenter.swift in Sources */ = {isa = PBXBuildFile; fileRef = 091375102611F49F0005367E /* DetailPresenter.swift */; };
		091375162611FA980005367E /* PhotosResponse.swift in Sources */ = {isa = PBXBuildFile; fileRef = 091375152611FA980005367E /* PhotosResponse.swift */; };
		09137526261215520005367E /* DetachableObject.swift in Sources */ = {isa = PBXBuildFile; fileRef = 09379D1A261057A90040184F /* DetachableObject.swift */; };
		0913752E2612159F0005367E /* VenueAnnotation.swift in Sources */ = {isa = PBXBuildFile; fileRef = 0913752D2612159F0005367E /* VenueAnnotation.swift */; };
		0922611A260E1DA500A4C345 /* BaseResponse.swift in Sources */ = {isa = PBXBuildFile; fileRef = 092260FE260E1DA500A4C345 /* BaseResponse.swift */; };
		09226121260E1DA500A4C345 /* PlacesResponse.swift in Sources */ = {isa = PBXBuildFile; fileRef = 09226105260E1DA500A4C345 /* PlacesResponse.swift */; };
		09226144260E220300A4C345 /* Response+Decodable.swift in Sources */ = {isa = PBXBuildFile; fileRef = 09226143260E220300A4C345 /* Response+Decodable.swift */; };
		0922616D260E2EC200A4C345 /* Location.gpx in Resources */ = {isa = PBXBuildFile; fileRef = 0922616C260E2EC200A4C345 /* Location.gpx */; };
		0922617B260E337E00A4C345 /* AroundMePresenter.swift in Sources */ = {isa = PBXBuildFile; fileRef = 0922617A260E337E00A4C345 /* AroundMePresenter.swift */; };
		09226180260E339C00A4C345 /* AroundMeRouter.swift in Sources */ = {isa = PBXBuildFile; fileRef = 0922617F260E339C00A4C345 /* AroundMeRouter.swift */; };
		09226185260E33AE00A4C345 /* AroundMeInteractor.swift in Sources */ = {isa = PBXBuildFile; fileRef = 09226184260E33AE00A4C345 /* AroundMeInteractor.swift */; };
		0922618A260E393E00A4C345 /* Connectivity.swift in Sources */ = {isa = PBXBuildFile; fileRef = 09226189260E393E00A4C345 /* Connectivity.swift */; };
		09226192260E3AAB00A4C345 /* VenuesServiceDataProvider.swift in Sources */ = {isa = PBXBuildFile; fileRef = 09226191260E3AAB00A4C345 /* VenuesServiceDataProvider.swift */; };
		09226197260E3ABC00A4C345 /* VenuesCacheDataProvider.swift in Sources */ = {isa = PBXBuildFile; fileRef = 09226196260E3ABC00A4C345 /* VenuesCacheDataProvider.swift */; };
		0922619C260E3B0800A4C345 /* VenuesDataProvider.swift in Sources */ = {isa = PBXBuildFile; fileRef = 0922619B260E3B0800A4C345 /* VenuesDataProvider.swift */; };
		092261AA260E475A00A4C345 /* UIView+Loading.swift in Sources */ = {isa = PBXBuildFile; fileRef = 092261A9260E475A00A4C345 /* UIView+Loading.swift */; };
		092261B0260E489C00A4C345 /* LocalizeStrings.swift in Sources */ = {isa = PBXBuildFile; fileRef = 092261AF260E489C00A4C345 /* LocalizeStrings.swift */; };
		092261BB260E48F200A4C345 /* String+Localizable.swift in Sources */ = {isa = PBXBuildFile; fileRef = 092261BA260E48F200A4C345 /* String+Localizable.swift */; };
		092261CC260E495100A4C345 /* Localizable.strings in Resources */ = {isa = PBXBuildFile; fileRef = 092261CE260E495100A4C345 /* Localizable.strings */; };
		092261D8260E4DCA00A4C345 /* AroundMeVC.swift in Sources */ = {isa = PBXBuildFile; fileRef = 092261D6260E4DCA00A4C345 /* AroundMeVC.swift */; };
		092261D9260E4DCA00A4C345 /* AroundMeVC.xib in Resources */ = {isa = PBXBuildFile; fileRef = 092261D7260E4DCA00A4C345 /* AroundMeVC.xib */; };
		0922621A260E712300A4C345 /* UIView+Nibloadable.swift in Sources */ = {isa = PBXBuildFile; fileRef = 09226219260E712300A4C345 /* UIView+Nibloadable.swift */; };
		09379D2E26107A150040184F /* DetailVC.swift in Sources */ = {isa = PBXBuildFile; fileRef = 09379D2C26107A150040184F /* DetailVC.swift */; };
		09379D2F26107A150040184F /* DetailVC.xib in Resources */ = {isa = PBXBuildFile; fileRef = 09379D2D26107A150040184F /* DetailVC.xib */; };
		09379D3726107A6C0040184F /* DetailRouter.swift in Sources */ = {isa = PBXBuildFile; fileRef = 09379D3626107A6C0040184F /* DetailRouter.swift */; };
		09494BA82612556A00EF0AC8 /* Category.swift in Sources */ = {isa = PBXBuildFile; fileRef = 09494B992612556900EF0AC8 /* Category.swift */; };
		09494BA92612556A00EF0AC8 /* Photo.swift in Sources */ = {isa = PBXBuildFile; fileRef = 09494B9A2612556900EF0AC8 /* Photo.swift */; };
		09494BAA2612556A00EF0AC8 /* Icon.swift in Sources */ = {isa = PBXBuildFile; fileRef = 09494B9B2612556900EF0AC8 /* Icon.swift */; };
		09494BAC2612556A00EF0AC8 /* Location.swift in Sources */ = {isa = PBXBuildFile; fileRef = 09494B9D2612556900EF0AC8 /* Location.swift */; };
		09494BAE2612556A00EF0AC8 /* Item.swift in Sources */ = {isa = PBXBuildFile; fileRef = 09494B9F2612556900EF0AC8 /* Item.swift */; };
		09494BB02612556A00EF0AC8 /* Contact.swift in Sources */ = {isa = PBXBuildFile; fileRef = 09494BA12612556900EF0AC8 /* Contact.swift */; };
		09494BB12612556A00EF0AC8 /* Hour.swift in Sources */ = {isa = PBXBuildFile; fileRef = 09494BA22612556900EF0AC8 /* Hour.swift */; };
		09494BB42612556A00EF0AC8 /* Group.swift in Sources */ = {isa = PBXBuildFile; fileRef = 09494BA52612556900EF0AC8 /* Group.swift */; };
		09494BC52612557400EF0AC8 /* Stat.swift in Sources */ = {isa = PBXBuildFile; fileRef = 09494BBB2612557400EF0AC8 /* Stat.swift */; };
		09494BC72612557400EF0AC8 /* Comment.swift in Sources */ = {isa = PBXBuildFile; fileRef = 09494BBD2612557400EF0AC8 /* Comment.swift */; };
		09494BC82612557400EF0AC8 /* User.swift in Sources */ = {isa = PBXBuildFile; fileRef = 09494BBE2612557400EF0AC8 /* User.swift */; };
		09494BCA2612557400EF0AC8 /* Venue.swift in Sources */ = {isa = PBXBuildFile; fileRef = 09494BC02612557400EF0AC8 /* Venue.swift */; };
		095A6265261479A30026AB86 /* DetailCell.swift in Sources */ = {isa = PBXBuildFile; fileRef = 095A6263261479A30026AB86 /* DetailCell.swift */; };
		095A6266261479A30026AB86 /* DetailCell.xib in Resources */ = {isa = PBXBuildFile; fileRef = 095A6264261479A30026AB86 /* DetailCell.xib */; };
		0965785C26130B3600254A08 /* VenueDataProvider.swift in Sources */ = {isa = PBXBuildFile; fileRef = 0965785B26130B3600254A08 /* VenueDataProvider.swift */; };
		0965786126130C6C00254A08 /* VenueServiceDataProvider.swift in Sources */ = {isa = PBXBuildFile; fileRef = 0965786026130C6C00254A08 /* VenueServiceDataProvider.swift */; };
		0965786626130C8200254A08 /* VenueCacheDataProvider.swift in Sources */ = {isa = PBXBuildFile; fileRef = 0965786526130C8200254A08 /* VenueCacheDataProvider.swift */; };
		0965786F26131B8600254A08 /* VenueService.swift in Sources */ = {isa = PBXBuildFile; fileRef = 0965786D26131B8600254A08 /* VenueService.swift */; };
		0965787026131B8600254A08 /* VenueApi.swift in Sources */ = {isa = PBXBuildFile; fileRef = 0965786E26131B8600254A08 /* VenueApi.swift */; };
		0965787526131C1500254A08 /* Constant.swift in Sources */ = {isa = PBXBuildFile; fileRef = 0965787426131C1500254A08 /* Constant.swift */; };
		0965787A2613220200254A08 /* TipsResponse.swift in Sources */ = {isa = PBXBuildFile; fileRef = 096578792613220200254A08 /* TipsResponse.swift */; };
		096578852613228C00254A08 /* Tips.swift in Sources */ = {isa = PBXBuildFile; fileRef = 096578842613228C00254A08 /* Tips.swift */; };
		098EA154260F56DD00699F8C /* Storable.swift in Sources */ = {isa = PBXBuildFile; fileRef = 098EA153260F56DD00699F8C /* Storable.swift */; };
		098EA163260F682C00699F8C /* RealmStorageContext.swift in Sources */ = {isa = PBXBuildFile; fileRef = 098EA162260F682C00699F8C /* RealmStorageContext.swift */; };
		098EA16B260F6F5900699F8C /* PersistStrategy.swift in Sources */ = {isa = PBXBuildFile; fileRef = 098EA16A260F6F5900699F8C /* PersistStrategy.swift */; };
		09E880E725FA61CE004446FF /* AppDelegate.swift in Sources */ = {isa = PBXBuildFile; fileRef = 09E880E625FA61CE004446FF /* AppDelegate.swift */; };
		09E880F025FA61CF004446FF /* Assets.xcassets in Resources */ = {isa = PBXBuildFile; fileRef = 09E880EF25FA61CF004446FF /* Assets.xcassets */; };
		09E880F325FA61CF004446FF /* LaunchScreen.storyboard in Resources */ = {isa = PBXBuildFile; fileRef = 09E880F125FA61CF004446FF /* LaunchScreen.storyboard */; };
		09E8817025FA696C004446FF /* BaladUITests.swift in Sources */ = {isa = PBXBuildFile; fileRef = 09E8816F25FA696C004446FF /* BaladUITests.swift */; };
		09E8818025FA697B004446FF /* BaladTests.swift in Sources */ = {isa = PBXBuildFile; fileRef = 09E8817F25FA697B004446FF /* BaladTests.swift */; };
		09E881FA25FA7330004446FF /* VenuesApi.swift in Sources */ = {isa = PBXBuildFile; fileRef = 09E881F925FA7330004446FF /* VenuesApi.swift */; };
		09E8820825FA9627004446FF /* VenuesService.swift in Sources */ = {isa = PBXBuildFile; fileRef = 09E8820725FA9627004446FF /* VenuesService.swift */; };
		831EF8F1D809D2E2E36FF72F /* Pods_Balad.framework in Frameworks */ = {isa = PBXBuildFile; fileRef = FFE186E4C876DAA59626BCEF /* Pods_Balad.framework */; };
		C9CF9DF44A7FAE928C2E5D6D /* Pods_Balad_BaladUITests.framework in Frameworks */ = {isa = PBXBuildFile; fileRef = A9B62C86FAEDCCC66E36109D /* Pods_Balad_BaladUITests.framework */; };
		CD869531D99C3A0205304E5D /* Pods_BaladTests.framework in Frameworks */ = {isa = PBXBuildFile; fileRef = 411D63AF0A6DD662B6DE4985 /* Pods_BaladTests.framework */; };
/* End PBXBuildFile section */

/* Begin PBXContainerItemProxy section */
		09E8817225FA696C004446FF /* PBXContainerItemProxy */ = {
			isa = PBXContainerItemProxy;
			containerPortal = 09E880DB25FA61CE004446FF /* Project object */;
			proxyType = 1;
			remoteGlobalIDString = 09E880E225FA61CE004446FF;
			remoteInfo = Balad;
		};
		09E8818225FA697B004446FF /* PBXContainerItemProxy */ = {
			isa = PBXContainerItemProxy;
			containerPortal = 09E880DB25FA61CE004446FF /* Project object */;
			proxyType = 1;
			remoteGlobalIDString = 09E880E225FA61CE004446FF;
			remoteInfo = Balad;
		};
/* End PBXContainerItemProxy section */

/* Begin PBXFileReference section */
		025F48EB8A44EA6325CFB22F /* Pods-BaladTest-BaladTestUITests.release.xcconfig */ = {isa = PBXFileReference; includeInIndex = 1; lastKnownFileType = text.xcconfig; name = "Pods-BaladTest-BaladTestUITests.release.xcconfig"; path = "Target Support Files/Pods-BaladTest-BaladTestUITests/Pods-BaladTest-BaladTestUITests.release.xcconfig"; sourceTree = "<group>"; };
		091374E42611C8460005367E /* Photos.swift */ = {isa = PBXFileReference; fileEncoding = 4; lastKnownFileType = sourcecode.swift; path = Photos.swift; sourceTree = "<group>"; };
		091374FD2611D6790005367E /* PhotoViewCell.swift */ = {isa = PBXFileReference; lastKnownFileType = sourcecode.swift; path = PhotoViewCell.swift; sourceTree = "<group>"; };
		091374FE2611D6790005367E /* PhotoViewCell.xib */ = {isa = PBXFileReference; lastKnownFileType = file.xib; path = PhotoViewCell.xib; sourceTree = "<group>"; };
		091375042611DD760005367E /* DetailInteractor.swift */ = {isa = PBXFileReference; lastKnownFileType = sourcecode.swift; path = DetailInteractor.swift; sourceTree = "<group>"; };
		091375092611EA380005367E /* TipCell.swift */ = {isa = PBXFileReference; lastKnownFileType = sourcecode.swift; path = TipCell.swift; sourceTree = "<group>"; };
		0913750A2611EA380005367E /* TipCell.xib */ = {isa = PBXFileReference; lastKnownFileType = file.xib; path = TipCell.xib; sourceTree = "<group>"; };
		091375102611F49F0005367E /* DetailPresenter.swift */ = {isa = PBXFileReference; lastKnownFileType = sourcecode.swift; path = DetailPresenter.swift; sourceTree = "<group>"; };
		091375152611FA980005367E /* PhotosResponse.swift */ = {isa = PBXFileReference; fileEncoding = 4; lastKnownFileType = sourcecode.swift; path = PhotosResponse.swift; sourceTree = "<group>"; };
		0913752D2612159F0005367E /* VenueAnnotation.swift */ = {isa = PBXFileReference; fileEncoding = 4; lastKnownFileType = sourcecode.swift; path = VenueAnnotation.swift; sourceTree = "<group>"; };
		092260FE260E1DA500A4C345 /* BaseResponse.swift */ = {isa = PBXFileReference; fileEncoding = 4; lastKnownFileType = sourcecode.swift; path = BaseResponse.swift; sourceTree = "<group>"; };
		09226105260E1DA500A4C345 /* PlacesResponse.swift */ = {isa = PBXFileReference; fileEncoding = 4; lastKnownFileType = sourcecode.swift; path = PlacesResponse.swift; sourceTree = "<group>"; };
		09226143260E220300A4C345 /* Response+Decodable.swift */ = {isa = PBXFileReference; fileEncoding = 4; lastKnownFileType = sourcecode.swift; path = "Response+Decodable.swift"; sourceTree = "<group>"; };
		0922616C260E2EC200A4C345 /* Location.gpx */ = {isa = PBXFileReference; fileEncoding = 4; lastKnownFileType = text.xml; path = Location.gpx; sourceTree = "<group>"; };
		0922617A260E337E00A4C345 /* AroundMePresenter.swift */ = {isa = PBXFileReference; lastKnownFileType = sourcecode.swift; path = AroundMePresenter.swift; sourceTree = "<group>"; };
		0922617F260E339C00A4C345 /* AroundMeRouter.swift */ = {isa = PBXFileReference; lastKnownFileType = sourcecode.swift; path = AroundMeRouter.swift; sourceTree = "<group>"; };
		09226184260E33AE00A4C345 /* AroundMeInteractor.swift */ = {isa = PBXFileReference; lastKnownFileType = sourcecode.swift; path = AroundMeInteractor.swift; sourceTree = "<group>"; };
		09226189260E393E00A4C345 /* Connectivity.swift */ = {isa = PBXFileReference; lastKnownFileType = sourcecode.swift; path = Connectivity.swift; sourceTree = "<group>"; };
		09226191260E3AAB00A4C345 /* VenuesServiceDataProvider.swift */ = {isa = PBXFileReference; lastKnownFileType = sourcecode.swift; path = VenuesServiceDataProvider.swift; sourceTree = "<group>"; };
		09226196260E3ABC00A4C345 /* VenuesCacheDataProvider.swift */ = {isa = PBXFileReference; lastKnownFileType = sourcecode.swift; path = VenuesCacheDataProvider.swift; sourceTree = "<group>"; };
		0922619B260E3B0800A4C345 /* VenuesDataProvider.swift */ = {isa = PBXFileReference; lastKnownFileType = sourcecode.swift; path = VenuesDataProvider.swift; sourceTree = "<group>"; };
		092261A9260E475A00A4C345 /* UIView+Loading.swift */ = {isa = PBXFileReference; lastKnownFileType = sourcecode.swift; path = "UIView+Loading.swift"; sourceTree = "<group>"; };
		092261AF260E489C00A4C345 /* LocalizeStrings.swift */ = {isa = PBXFileReference; lastKnownFileType = sourcecode.swift; path = LocalizeStrings.swift; sourceTree = "<group>"; };
		092261BA260E48F200A4C345 /* String+Localizable.swift */ = {isa = PBXFileReference; lastKnownFileType = sourcecode.swift; path = "String+Localizable.swift"; sourceTree = "<group>"; };
		092261C3260E492700A4C345 /* fa-IR */ = {isa = PBXFileReference; lastKnownFileType = text.plist.strings; name = "fa-IR"; path = "fa-IR.lproj/LaunchScreen.strings"; sourceTree = "<group>"; };
		092261CD260E495100A4C345 /* en */ = {isa = PBXFileReference; lastKnownFileType = text.plist.strings; name = en; path = en.lproj/Localizable.strings; sourceTree = "<group>"; };
		092261D2260E495400A4C345 /* fa-IR */ = {isa = PBXFileReference; lastKnownFileType = text.plist.strings; name = "fa-IR"; path = "fa-IR.lproj/Localizable.strings"; sourceTree = "<group>"; };
		092261D6260E4DCA00A4C345 /* AroundMeVC.swift */ = {isa = PBXFileReference; lastKnownFileType = sourcecode.swift; path = AroundMeVC.swift; sourceTree = "<group>"; };
		092261D7260E4DCA00A4C345 /* AroundMeVC.xib */ = {isa = PBXFileReference; lastKnownFileType = file.xib; path = AroundMeVC.xib; sourceTree = "<group>"; };
		09226219260E712300A4C345 /* UIView+Nibloadable.swift */ = {isa = PBXFileReference; lastKnownFileType = sourcecode.swift; path = "UIView+Nibloadable.swift"; sourceTree = "<group>"; };
		09379D1A261057A90040184F /* DetachableObject.swift */ = {isa = PBXFileReference; fileEncoding = 4; lastKnownFileType = sourcecode.swift; path = DetachableObject.swift; sourceTree = "<group>"; };
		09379D2C26107A150040184F /* DetailVC.swift */ = {isa = PBXFileReference; lastKnownFileType = sourcecode.swift; name = DetailVC.swift; path = Balad/Persist/DetailVC.swift; sourceTree = SOURCE_ROOT; };
		09379D2D26107A150040184F /* DetailVC.xib */ = {isa = PBXFileReference; lastKnownFileType = file.xib; name = DetailVC.xib; path = Balad/Persist/DetailVC.xib; sourceTree = SOURCE_ROOT; };
		09379D3626107A6C0040184F /* DetailRouter.swift */ = {isa = PBXFileReference; lastKnownFileType = sourcecode.swift; name = DetailRouter.swift; path = Balad/Persist/DetailRouter.swift; sourceTree = SOURCE_ROOT; };
		09494B992612556900EF0AC8 /* Category.swift */ = {isa = PBXFileReference; fileEncoding = 4; lastKnownFileType = sourcecode.swift; path = Category.swift; sourceTree = "<group>"; };
		09494B9A2612556900EF0AC8 /* Photo.swift */ = {isa = PBXFileReference; fileEncoding = 4; lastKnownFileType = sourcecode.swift; path = Photo.swift; sourceTree = "<group>"; };
		09494B9B2612556900EF0AC8 /* Icon.swift */ = {isa = PBXFileReference; fileEncoding = 4; lastKnownFileType = sourcecode.swift; path = Icon.swift; sourceTree = "<group>"; };
		09494B9D2612556900EF0AC8 /* Location.swift */ = {isa = PBXFileReference; fileEncoding = 4; lastKnownFileType = sourcecode.swift; path = Location.swift; sourceTree = "<group>"; };
		09494B9F2612556900EF0AC8 /* Item.swift */ = {isa = PBXFileReference; fileEncoding = 4; lastKnownFileType = sourcecode.swift; path = Item.swift; sourceTree = "<group>"; };
		09494BA12612556900EF0AC8 /* Contact.swift */ = {isa = PBXFileReference; fileEncoding = 4; lastKnownFileType = sourcecode.swift; path = Contact.swift; sourceTree = "<group>"; };
		09494BA22612556900EF0AC8 /* Hour.swift */ = {isa = PBXFileReference; fileEncoding = 4; lastKnownFileType = sourcecode.swift; path = Hour.swift; sourceTree = "<group>"; };
		09494BA52612556900EF0AC8 /* Group.swift */ = {isa = PBXFileReference; fileEncoding = 4; lastKnownFileType = sourcecode.swift; path = Group.swift; sourceTree = "<group>"; };
		09494BBB2612557400EF0AC8 /* Stat.swift */ = {isa = PBXFileReference; fileEncoding = 4; lastKnownFileType = sourcecode.swift; path = Stat.swift; sourceTree = "<group>"; };
		09494BBD2612557400EF0AC8 /* Comment.swift */ = {isa = PBXFileReference; fileEncoding = 4; lastKnownFileType = sourcecode.swift; path = Comment.swift; sourceTree = "<group>"; };
		09494BBE2612557400EF0AC8 /* User.swift */ = {isa = PBXFileReference; fileEncoding = 4; lastKnownFileType = sourcecode.swift; path = User.swift; sourceTree = "<group>"; };
		09494BC02612557400EF0AC8 /* Venue.swift */ = {isa = PBXFileReference; fileEncoding = 4; lastKnownFileType = sourcecode.swift; path = Venue.swift; sourceTree = "<group>"; };
		095A6263261479A30026AB86 /* DetailCell.swift */ = {isa = PBXFileReference; lastKnownFileType = sourcecode.swift; path = DetailCell.swift; sourceTree = "<group>"; };
		095A6264261479A30026AB86 /* DetailCell.xib */ = {isa = PBXFileReference; lastKnownFileType = file.xib; path = DetailCell.xib; sourceTree = "<group>"; };
		0965785B26130B3600254A08 /* VenueDataProvider.swift */ = {isa = PBXFileReference; lastKnownFileType = sourcecode.swift; path = VenueDataProvider.swift; sourceTree = "<group>"; };
		0965786026130C6C00254A08 /* VenueServiceDataProvider.swift */ = {isa = PBXFileReference; lastKnownFileType = sourcecode.swift; path = VenueServiceDataProvider.swift; sourceTree = "<group>"; };
		0965786526130C8200254A08 /* VenueCacheDataProvider.swift */ = {isa = PBXFileReference; lastKnownFileType = sourcecode.swift; path = VenueCacheDataProvider.swift; sourceTree = "<group>"; };
		0965786D26131B8600254A08 /* VenueService.swift */ = {isa = PBXFileReference; fileEncoding = 4; lastKnownFileType = sourcecode.swift; path = VenueService.swift; sourceTree = "<group>"; };
		0965786E26131B8600254A08 /* VenueApi.swift */ = {isa = PBXFileReference; fileEncoding = 4; lastKnownFileType = sourcecode.swift; path = VenueApi.swift; sourceTree = "<group>"; };
		0965787426131C1500254A08 /* Constant.swift */ = {isa = PBXFileReference; lastKnownFileType = sourcecode.swift; path = Constant.swift; sourceTree = "<group>"; };
		096578792613220200254A08 /* TipsResponse.swift */ = {isa = PBXFileReference; lastKnownFileType = sourcecode.swift; path = TipsResponse.swift; sourceTree = "<group>"; };
		096578842613228C00254A08 /* Tips.swift */ = {isa = PBXFileReference; lastKnownFileType = sourcecode.swift; path = Tips.swift; sourceTree = "<group>"; };
		098EA153260F56DD00699F8C /* Storable.swift */ = {isa = PBXFileReference; lastKnownFileType = sourcecode.swift; path = Storable.swift; sourceTree = "<group>"; };
		098EA162260F682C00699F8C /* RealmStorageContext.swift */ = {isa = PBXFileReference; lastKnownFileType = sourcecode.swift; path = RealmStorageContext.swift; sourceTree = "<group>"; };
		098EA16A260F6F5900699F8C /* PersistStrategy.swift */ = {isa = PBXFileReference; lastKnownFileType = sourcecode.swift; path = PersistStrategy.swift; sourceTree = "<group>"; };
		09E880E325FA61CE004446FF /* Balad.app */ = {isa = PBXFileReference; explicitFileType = wrapper.application; includeInIndex = 0; path = Balad.app; sourceTree = BUILT_PRODUCTS_DIR; };
		09E880E625FA61CE004446FF /* AppDelegate.swift */ = {isa = PBXFileReference; lastKnownFileType = sourcecode.swift; path = AppDelegate.swift; sourceTree = "<group>"; };
		09E880EF25FA61CF004446FF /* Assets.xcassets */ = {isa = PBXFileReference; lastKnownFileType = folder.assetcatalog; path = Assets.xcassets; sourceTree = "<group>"; };
		09E880F225FA61CF004446FF /* Base */ = {isa = PBXFileReference; lastKnownFileType = file.storyboard; name = Base; path = Base.lproj/LaunchScreen.storyboard; sourceTree = "<group>"; };
		09E880F425FA61CF004446FF /* Info.plist */ = {isa = PBXFileReference; lastKnownFileType = text.plist.xml; path = Info.plist; sourceTree = "<group>"; };
		09E8816D25FA696C004446FF /* BaladUITests.xctest */ = {isa = PBXFileReference; explicitFileType = wrapper.cfbundle; includeInIndex = 0; path = BaladUITests.xctest; sourceTree = BUILT_PRODUCTS_DIR; };
		09E8816F25FA696C004446FF /* BaladUITests.swift */ = {isa = PBXFileReference; lastKnownFileType = sourcecode.swift; path = BaladUITests.swift; sourceTree = "<group>"; };
		09E8817125FA696C004446FF /* Info.plist */ = {isa = PBXFileReference; lastKnownFileType = text.plist.xml; path = Info.plist; sourceTree = "<group>"; };
		09E8817D25FA697B004446FF /* BaladTests.xctest */ = {isa = PBXFileReference; explicitFileType = wrapper.cfbundle; includeInIndex = 0; path = BaladTests.xctest; sourceTree = BUILT_PRODUCTS_DIR; };
		09E8817F25FA697B004446FF /* BaladTests.swift */ = {isa = PBXFileReference; lastKnownFileType = sourcecode.swift; path = BaladTests.swift; sourceTree = "<group>"; };
		09E8818125FA697B004446FF /* Info.plist */ = {isa = PBXFileReference; lastKnownFileType = text.plist.xml; path = Info.plist; sourceTree = "<group>"; };
		09E881F925FA7330004446FF /* VenuesApi.swift */ = {isa = PBXFileReference; lastKnownFileType = sourcecode.swift; path = VenuesApi.swift; sourceTree = "<group>"; };
		09E8820725FA9627004446FF /* VenuesService.swift */ = {isa = PBXFileReference; lastKnownFileType = sourcecode.swift; path = VenuesService.swift; sourceTree = "<group>"; };
		128884F82AA59B628069B8F6 /* Pods-BaladTest.debug.xcconfig */ = {isa = PBXFileReference; includeInIndex = 1; lastKnownFileType = text.xcconfig; name = "Pods-BaladTest.debug.xcconfig"; path = "Target Support Files/Pods-BaladTest/Pods-BaladTest.debug.xcconfig"; sourceTree = "<group>"; };
		2768C7E77CFD0A058405371B /* Pods-Balad-BaladUITests.release.xcconfig */ = {isa = PBXFileReference; includeInIndex = 1; lastKnownFileType = text.xcconfig; name = "Pods-Balad-BaladUITests.release.xcconfig"; path = "Target Support Files/Pods-Balad-BaladUITests/Pods-Balad-BaladUITests.release.xcconfig"; sourceTree = "<group>"; };
		297262D32CC93D9477C56877 /* Pods-BaladTest.release.xcconfig */ = {isa = PBXFileReference; includeInIndex = 1; lastKnownFileType = text.xcconfig; name = "Pods-BaladTest.release.xcconfig"; path = "Target Support Files/Pods-BaladTest/Pods-BaladTest.release.xcconfig"; sourceTree = "<group>"; };
		411D63AF0A6DD662B6DE4985 /* Pods_BaladTests.framework */ = {isa = PBXFileReference; explicitFileType = wrapper.framework; includeInIndex = 0; path = Pods_BaladTests.framework; sourceTree = BUILT_PRODUCTS_DIR; };
		45589F7B912E0C33F25E8485 /* Pods-Balad.release.xcconfig */ = {isa = PBXFileReference; includeInIndex = 1; lastKnownFileType = text.xcconfig; name = "Pods-Balad.release.xcconfig"; path = "Target Support Files/Pods-Balad/Pods-Balad.release.xcconfig"; sourceTree = "<group>"; };
		606327E102E0924AE20EFCFC /* Pods_BaladTest_BaladTestUITests.framework */ = {isa = PBXFileReference; explicitFileType = wrapper.framework; includeInIndex = 0; path = Pods_BaladTest_BaladTestUITests.framework; sourceTree = BUILT_PRODUCTS_DIR; };
		70393335402E6E830A68E67D /* Pods-BaladTests.release.xcconfig */ = {isa = PBXFileReference; includeInIndex = 1; lastKnownFileType = text.xcconfig; name = "Pods-BaladTests.release.xcconfig"; path = "Target Support Files/Pods-BaladTests/Pods-BaladTests.release.xcconfig"; sourceTree = "<group>"; };
		7CA9457F3D7953B8CAA410F6 /* Pods-BaladTests.debug.xcconfig */ = {isa = PBXFileReference; includeInIndex = 1; lastKnownFileType = text.xcconfig; name = "Pods-BaladTests.debug.xcconfig"; path = "Target Support Files/Pods-BaladTests/Pods-BaladTests.debug.xcconfig"; sourceTree = "<group>"; };
		7ECFFB78988D159670A681B4 /* Pods_BaladTestTests.framework */ = {isa = PBXFileReference; explicitFileType = wrapper.framework; includeInIndex = 0; path = Pods_BaladTestTests.framework; sourceTree = BUILT_PRODUCTS_DIR; };
		8B9AC9E97FE7E6D7A7FCCE65 /* Pods-Balad.debug.xcconfig */ = {isa = PBXFileReference; includeInIndex = 1; lastKnownFileType = text.xcconfig; name = "Pods-Balad.debug.xcconfig"; path = "Target Support Files/Pods-Balad/Pods-Balad.debug.xcconfig"; sourceTree = "<group>"; };
		9EFF18BAEC42C32B1B8CFD70 /* Pods-BaladTestTests.release.xcconfig */ = {isa = PBXFileReference; includeInIndex = 1; lastKnownFileType = text.xcconfig; name = "Pods-BaladTestTests.release.xcconfig"; path = "Target Support Files/Pods-BaladTestTests/Pods-BaladTestTests.release.xcconfig"; sourceTree = "<group>"; };
		A9B62C86FAEDCCC66E36109D /* Pods_Balad_BaladUITests.framework */ = {isa = PBXFileReference; explicitFileType = wrapper.framework; includeInIndex = 0; path = Pods_Balad_BaladUITests.framework; sourceTree = BUILT_PRODUCTS_DIR; };
		E25BC5F32BBA6F4609338A1E /* Pods-BaladTest-BaladTestUITests.debug.xcconfig */ = {isa = PBXFileReference; includeInIndex = 1; lastKnownFileType = text.xcconfig; name = "Pods-BaladTest-BaladTestUITests.debug.xcconfig"; path = "Target Support Files/Pods-BaladTest-BaladTestUITests/Pods-BaladTest-BaladTestUITests.debug.xcconfig"; sourceTree = "<group>"; };
		F6FD385B57067912E061A240 /* Pods-BaladTestTests.debug.xcconfig */ = {isa = PBXFileReference; includeInIndex = 1; lastKnownFileType = text.xcconfig; name = "Pods-BaladTestTests.debug.xcconfig"; path = "Target Support Files/Pods-BaladTestTests/Pods-BaladTestTests.debug.xcconfig"; sourceTree = "<group>"; };
		FEFF0EC1DEB64C2976D8CA8D /* Pods-Balad-BaladUITests.debug.xcconfig */ = {isa = PBXFileReference; includeInIndex = 1; lastKnownFileType = text.xcconfig; name = "Pods-Balad-BaladUITests.debug.xcconfig"; path = "Target Support Files/Pods-Balad-BaladUITests/Pods-Balad-BaladUITests.debug.xcconfig"; sourceTree = "<group>"; };
		FFE186E4C876DAA59626BCEF /* Pods_Balad.framework */ = {isa = PBXFileReference; explicitFileType = wrapper.framework; includeInIndex = 0; path = Pods_Balad.framework; sourceTree = BUILT_PRODUCTS_DIR; };
/* End PBXFileReference section */

/* Begin PBXFrameworksBuildPhase section */
		09E880E025FA61CE004446FF /* Frameworks */ = {
			isa = PBXFrameworksBuildPhase;
			buildActionMask = 2147483647;
			files = (
				831EF8F1D809D2E2E36FF72F /* Pods_Balad.framework in Frameworks */,
			);
			runOnlyForDeploymentPostprocessing = 0;
		};
		09E8816A25FA696C004446FF /* Frameworks */ = {
			isa = PBXFrameworksBuildPhase;
			buildActionMask = 2147483647;
			files = (
				C9CF9DF44A7FAE928C2E5D6D /* Pods_Balad_BaladUITests.framework in Frameworks */,
			);
			runOnlyForDeploymentPostprocessing = 0;
		};
		09E8817A25FA697B004446FF /* Frameworks */ = {
			isa = PBXFrameworksBuildPhase;
			buildActionMask = 2147483647;
			files = (
				CD869531D99C3A0205304E5D /* Pods_BaladTests.framework in Frameworks */,
			);
			runOnlyForDeploymentPostprocessing = 0;
		};
/* End PBXFrameworksBuildPhase section */

/* Begin PBXGroup section */
		09226142260E21EF00A4C345 /* Extension */ = {
			isa = PBXGroup;
			children = (
				09226143260E220300A4C345 /* Response+Decodable.swift */,
				092261A9260E475A00A4C345 /* UIView+Loading.swift */,
				092261BA260E48F200A4C345 /* String+Localizable.swift */,
				09226219260E712300A4C345 /* UIView+Nibloadable.swift */,
			);
			path = Extension;
			sourceTree = "<group>";
		};
		092261AE260E488F00A4C345 /* Text */ = {
			isa = PBXGroup;
			children = (
				092261AF260E489C00A4C345 /* LocalizeStrings.swift */,
				092261CE260E495100A4C345 /* Localizable.strings */,
			);
			path = Text;
			sourceTree = "<group>";
		};
		09379D2A261079C50040184F /* Map */ = {
			isa = PBXGroup;
			children = (
				0913752D2612159F0005367E /* VenueAnnotation.swift */,
				0922617A260E337E00A4C345 /* AroundMePresenter.swift */,
				0922617F260E339C00A4C345 /* AroundMeRouter.swift */,
				09226184260E33AE00A4C345 /* AroundMeInteractor.swift */,
				09226191260E3AAB00A4C345 /* VenuesServiceDataProvider.swift */,
				09226196260E3ABC00A4C345 /* VenuesCacheDataProvider.swift */,
				0922619B260E3B0800A4C345 /* VenuesDataProvider.swift */,
				092261D6260E4DCA00A4C345 /* AroundMeVC.swift */,
				092261D7260E4DCA00A4C345 /* AroundMeVC.xib */,
			);
			path = Map;
			sourceTree = "<group>";
		};
		09379D2B261079EA0040184F /* Detail */ = {
			isa = PBXGroup;
			children = (
				09379D2C26107A150040184F /* DetailVC.swift */,
				09379D2D26107A150040184F /* DetailVC.xib */,
				09379D3626107A6C0040184F /* DetailRouter.swift */,
				091374FD2611D6790005367E /* PhotoViewCell.swift */,
				091374FE2611D6790005367E /* PhotoViewCell.xib */,
				091375042611DD760005367E /* DetailInteractor.swift */,
				091375092611EA380005367E /* TipCell.swift */,
				0913750A2611EA380005367E /* TipCell.xib */,
				091375102611F49F0005367E /* DetailPresenter.swift */,
				0965785B26130B3600254A08 /* VenueDataProvider.swift */,
				0965786026130C6C00254A08 /* VenueServiceDataProvider.swift */,
				0965786526130C8200254A08 /* VenueCacheDataProvider.swift */,
				095A6263261479A30026AB86 /* DetailCell.swift */,
				095A6264261479A30026AB86 /* DetailCell.xib */,
			);
			path = Detail;
			sourceTree = "<group>";
		};
		09E880DA25FA61CE004446FF = {
			isa = PBXGroup;
			children = (
				0922616C260E2EC200A4C345 /* Location.gpx */,
				09E880E525FA61CE004446FF /* Balad */,
				09E8816E25FA696C004446FF /* BaladUITests */,
				09E8817E25FA697B004446FF /* BaladTests */,
				09E880E425FA61CE004446FF /* Products */,
				2A41D9AD9E191DCA6A31C695 /* Pods */,
				56945EF107DA3D555FCE141B /* Frameworks */,
			);
			sourceTree = "<group>";
		};
		09E880E425FA61CE004446FF /* Products */ = {
			isa = PBXGroup;
			children = (
				09E880E325FA61CE004446FF /* Balad.app */,
				09E8816D25FA696C004446FF /* BaladUITests.xctest */,
				09E8817D25FA697B004446FF /* BaladTests.xctest */,
			);
			name = Products;
			sourceTree = "<group>";
		};
		09E880E525FA61CE004446FF /* Balad */ = {
			isa = PBXGroup;
			children = (
				092261AE260E488F00A4C345 /* Text */,
				09226142260E21EF00A4C345 /* Extension */,
				09E8812525FA6521004446FF /* Model */,
				09E8812425FA6515004446FF /* Service */,
				09E8812325FA6501004446FF /* Persist */,
				09E8812225FA64AD004446FF /* Moudle */,
				09E880E625FA61CE004446FF /* AppDelegate.swift */,
				09E880EF25FA61CF004446FF /* Assets.xcassets */,
				09E880F125FA61CF004446FF /* LaunchScreen.storyboard */,
				09E880F425FA61CF004446FF /* Info.plist */,
			);
			path = Balad;
			sourceTree = "<group>";
		};
		09E8812225FA64AD004446FF /* Moudle */ = {
			isa = PBXGroup;
			children = (
				09379D2A261079C50040184F /* Map */,
				09379D2B261079EA0040184F /* Detail */,
			);
			path = Moudle;
			sourceTree = "<group>";
		};
		09E8812325FA6501004446FF /* Persist */ = {
			isa = PBXGroup;
			children = (
				09379D1A261057A90040184F /* DetachableObject.swift */,
				098EA153260F56DD00699F8C /* Storable.swift */,
				098EA162260F682C00699F8C /* RealmStorageContext.swift */,
				098EA16A260F6F5900699F8C /* PersistStrategy.swift */,
			);
			path = Persist;
			sourceTree = "<group>";
		};
		09E8812425FA6515004446FF /* Service */ = {
			isa = PBXGroup;
			children = (
				0965786E26131B8600254A08 /* VenueApi.swift */,
				0965786D26131B8600254A08 /* VenueService.swift */,
				09E881F925FA7330004446FF /* VenuesApi.swift */,
				09E8820725FA9627004446FF /* VenuesService.swift */,
				09226189260E393E00A4C345 /* Connectivity.swift */,
				0965787426131C1500254A08 /* Constant.swift */,
			);
			path = Service;
			sourceTree = "<group>";
		};
		09E8812525FA6521004446FF /* Model */ = {
			isa = PBXGroup;
			children = (
				09494BBB2612557400EF0AC8 /* Stat.swift */,
				09494BBD2612557400EF0AC8 /* Comment.swift */,
				09494BBE2612557400EF0AC8 /* User.swift */,
				09494BC02612557400EF0AC8 /* Venue.swift */,
				09494B992612556900EF0AC8 /* Category.swift */,
				09494BA12612556900EF0AC8 /* Contact.swift */,
				09494BA52612556900EF0AC8 /* Group.swift */,
				09494BA22612556900EF0AC8 /* Hour.swift */,
				09494B9B2612556900EF0AC8 /* Icon.swift */,
				09494B9F2612556900EF0AC8 /* Item.swift */,
				09494B9D2612556900EF0AC8 /* Location.swift */,
				09494B9A2612556900EF0AC8 /* Photo.swift */,
				091375152611FA980005367E /* PhotosResponse.swift */,
				091374E42611C8460005367E /* Photos.swift */,
				092260FE260E1DA500A4C345 /* BaseResponse.swift */,
				09226105260E1DA500A4C345 /* PlacesResponse.swift */,
				096578792613220200254A08 /* TipsResponse.swift */,
				096578842613228C00254A08 /* Tips.swift */,
			);
			path = Model;
			sourceTree = "<group>";
		};
		09E8816E25FA696C004446FF /* BaladUITests */ = {
			isa = PBXGroup;
			children = (
				09E8816F25FA696C004446FF /* BaladUITests.swift */,
				09E8817125FA696C004446FF /* Info.plist */,
			);
			path = BaladUITests;
			sourceTree = "<group>";
		};
		09E8817E25FA697B004446FF /* BaladTests */ = {
			isa = PBXGroup;
			children = (
				09E8817F25FA697B004446FF /* BaladTests.swift */,
				09E8818125FA697B004446FF /* Info.plist */,
			);
			path = BaladTests;
			sourceTree = "<group>";
		};
		2A41D9AD9E191DCA6A31C695 /* Pods */ = {
			isa = PBXGroup;
			children = (
				128884F82AA59B628069B8F6 /* Pods-BaladTest.debug.xcconfig */,
				297262D32CC93D9477C56877 /* Pods-BaladTest.release.xcconfig */,
				E25BC5F32BBA6F4609338A1E /* Pods-BaladTest-BaladTestUITests.debug.xcconfig */,
				025F48EB8A44EA6325CFB22F /* Pods-BaladTest-BaladTestUITests.release.xcconfig */,
				F6FD385B57067912E061A240 /* Pods-BaladTestTests.debug.xcconfig */,
				9EFF18BAEC42C32B1B8CFD70 /* Pods-BaladTestTests.release.xcconfig */,
				8B9AC9E97FE7E6D7A7FCCE65 /* Pods-Balad.debug.xcconfig */,
				45589F7B912E0C33F25E8485 /* Pods-Balad.release.xcconfig */,
				FEFF0EC1DEB64C2976D8CA8D /* Pods-Balad-BaladUITests.debug.xcconfig */,
				2768C7E77CFD0A058405371B /* Pods-Balad-BaladUITests.release.xcconfig */,
				7CA9457F3D7953B8CAA410F6 /* Pods-BaladTests.debug.xcconfig */,
				70393335402E6E830A68E67D /* Pods-BaladTests.release.xcconfig */,
			);
			path = Pods;
			sourceTree = "<group>";
		};
		56945EF107DA3D555FCE141B /* Frameworks */ = {
			isa = PBXGroup;
			children = (
				606327E102E0924AE20EFCFC /* Pods_BaladTest_BaladTestUITests.framework */,
				7ECFFB78988D159670A681B4 /* Pods_BaladTestTests.framework */,
				FFE186E4C876DAA59626BCEF /* Pods_Balad.framework */,
				A9B62C86FAEDCCC66E36109D /* Pods_Balad_BaladUITests.framework */,
				411D63AF0A6DD662B6DE4985 /* Pods_BaladTests.framework */,
			);
			name = Frameworks;
			sourceTree = "<group>";
		};
/* End PBXGroup section */

/* Begin PBXNativeTarget section */
		09E880E225FA61CE004446FF /* Balad */ = {
			isa = PBXNativeTarget;
			buildConfigurationList = 09E8810D25FA61CF004446FF /* Build configuration list for PBXNativeTarget "Balad" */;
			buildPhases = (
				B6ABC34C599FF1CBC7EA6D18 /* [CP] Check Pods Manifest.lock */,
				09E880DF25FA61CE004446FF /* Sources */,
				09E880E025FA61CE004446FF /* Frameworks */,
				09E880E125FA61CE004446FF /* Resources */,
				09E8812625FA65EB004446FF /* Swiftlint */,
				9F10FDDDA7731C5344D259DF /* [CP] Embed Pods Frameworks */,
			);
			buildRules = (
			);
			dependencies = (
			);
			name = Balad;
			productName = BaladTest;
			productReference = 09E880E325FA61CE004446FF /* Balad.app */;
			productType = "com.apple.product-type.application";
		};
		09E8816C25FA696C004446FF /* BaladUITests */ = {
			isa = PBXNativeTarget;
			buildConfigurationList = 09E8817425FA696C004446FF /* Build configuration list for PBXNativeTarget "BaladUITests" */;
			buildPhases = (
				BD53012EA4678542927BBB01 /* [CP] Check Pods Manifest.lock */,
				09E8816925FA696C004446FF /* Sources */,
				09E8816A25FA696C004446FF /* Frameworks */,
				09E8816B25FA696C004446FF /* Resources */,
				715CA59CFB55763D397B1D41 /* [CP] Embed Pods Frameworks */,
			);
			buildRules = (
			);
			dependencies = (
				09E8817325FA696C004446FF /* PBXTargetDependency */,
			);
			name = BaladUITests;
			productName = BaladUITests;
			productReference = 09E8816D25FA696C004446FF /* BaladUITests.xctest */;
			productType = "com.apple.product-type.bundle.ui-testing";
		};
		09E8817C25FA697B004446FF /* BaladTests */ = {
			isa = PBXNativeTarget;
			buildConfigurationList = 09E8818425FA697B004446FF /* Build configuration list for PBXNativeTarget "BaladTests" */;
			buildPhases = (
				EBF25C5F8B2AE33E5596C020 /* [CP] Check Pods Manifest.lock */,
				09E8817925FA697B004446FF /* Sources */,
				09E8817A25FA697B004446FF /* Frameworks */,
				09E8817B25FA697B004446FF /* Resources */,
			);
			buildRules = (
			);
			dependencies = (
				09E8818325FA697B004446FF /* PBXTargetDependency */,
			);
			name = BaladTests;
			productName = BaladTests;
			productReference = 09E8817D25FA697B004446FF /* BaladTests.xctest */;
			productType = "com.apple.product-type.bundle.unit-test";
		};
/* End PBXNativeTarget section */

/* Begin PBXProject section */
		09E880DB25FA61CE004446FF /* Project object */ = {
			isa = PBXProject;
			attributes = {
				LastSwiftUpdateCheck = 1200;
				LastUpgradeCheck = 1200;
				TargetAttributes = {
					09E880E225FA61CE004446FF = {
						CreatedOnToolsVersion = 12.0.1;
					};
					09E8816C25FA696C004446FF = {
						CreatedOnToolsVersion = 12.0.1;
						TestTargetID = 09E880E225FA61CE004446FF;
					};
					09E8817C25FA697B004446FF = {
						CreatedOnToolsVersion = 12.0.1;
						TestTargetID = 09E880E225FA61CE004446FF;
					};
				};
			};
			buildConfigurationList = 09E880DE25FA61CE004446FF /* Build configuration list for PBXProject "Balad" */;
			compatibilityVersion = "Xcode 9.3";
			developmentRegion = en;
			hasScannedForEncodings = 0;
			knownRegions = (
				en,
				Base,
				"fa-IR",
			);
			mainGroup = 09E880DA25FA61CE004446FF;
			productRefGroup = 09E880E425FA61CE004446FF /* Products */;
			projectDirPath = "";
			projectRoot = "";
			targets = (
				09E880E225FA61CE004446FF /* Balad */,
				09E8816C25FA696C004446FF /* BaladUITests */,
				09E8817C25FA697B004446FF /* BaladTests */,
			);
		};
/* End PBXProject section */

/* Begin PBXResourcesBuildPhase section */
		09E880E125FA61CE004446FF /* Resources */ = {
			isa = PBXResourcesBuildPhase;
			buildActionMask = 2147483647;
			files = (
				092261CC260E495100A4C345 /* Localizable.strings in Resources */,
				09E880F325FA61CF004446FF /* LaunchScreen.storyboard in Resources */,
				09E880F025FA61CF004446FF /* Assets.xcassets in Resources */,
				09379D2F26107A150040184F /* DetailVC.xib in Resources */,
				0922616D260E2EC200A4C345 /* Location.gpx in Resources */,
				0913750C2611EA380005367E /* TipCell.xib in Resources */,
				092261D9260E4DCA00A4C345 /* AroundMeVC.xib in Resources */,
				091375002611D6790005367E /* PhotoViewCell.xib in Resources */,
				095A6266261479A30026AB86 /* DetailCell.xib in Resources */,
			);
			runOnlyForDeploymentPostprocessing = 0;
		};
		09E8816B25FA696C004446FF /* Resources */ = {
			isa = PBXResourcesBuildPhase;
			buildActionMask = 2147483647;
			files = (
			);
			runOnlyForDeploymentPostprocessing = 0;
		};
		09E8817B25FA697B004446FF /* Resources */ = {
			isa = PBXResourcesBuildPhase;
			buildActionMask = 2147483647;
			files = (
			);
			runOnlyForDeploymentPostprocessing = 0;
		};
/* End PBXResourcesBuildPhase section */

/* Begin PBXShellScriptBuildPhase section */
		09E8812625FA65EB004446FF /* Swiftlint */ = {
			isa = PBXShellScriptBuildPhase;
			buildActionMask = 2147483647;
			files = (
			);
			inputFileListPaths = (
			);
			inputPaths = (
			);
			name = Swiftlint;
			outputFileListPaths = (
			);
			outputPaths = (
			);
			runOnlyForDeploymentPostprocessing = 0;
			shellPath = /bin/sh;
			shellScript = "# Type a script or drag a script file from your workspace to insert its path.\n# Type a script or drag a script file from your workspace to insert its path.\nif which swiftlint >/dev/null; then\n  swiftlint\nelse\n  echo \"warning: SwiftLint not installed, download from https://github.com/realm/SwiftLint\"\nfi\n";
		};
		715CA59CFB55763D397B1D41 /* [CP] Embed Pods Frameworks */ = {
			isa = PBXShellScriptBuildPhase;
			buildActionMask = 2147483647;
			files = (
			);
			inputFileListPaths = (
				"${PODS_ROOT}/Target Support Files/Pods-Balad-BaladUITests/Pods-Balad-BaladUITests-frameworks-${CONFIGURATION}-input-files.xcfilelist",
			);
			name = "[CP] Embed Pods Frameworks";
			outputFileListPaths = (
				"${PODS_ROOT}/Target Support Files/Pods-Balad-BaladUITests/Pods-Balad-BaladUITests-frameworks-${CONFIGURATION}-output-files.xcfilelist",
			);
			runOnlyForDeploymentPostprocessing = 0;
			shellPath = /bin/sh;
			shellScript = "\"${PODS_ROOT}/Target Support Files/Pods-Balad-BaladUITests/Pods-Balad-BaladUITests-frameworks.sh\"\n";
			showEnvVarsInLog = 0;
		};
		9F10FDDDA7731C5344D259DF /* [CP] Embed Pods Frameworks */ = {
			isa = PBXShellScriptBuildPhase;
			buildActionMask = 2147483647;
			files = (
			);
			inputFileListPaths = (
				"${PODS_ROOT}/Target Support Files/Pods-Balad/Pods-Balad-frameworks-${CONFIGURATION}-input-files.xcfilelist",
			);
			name = "[CP] Embed Pods Frameworks";
			outputFileListPaths = (
				"${PODS_ROOT}/Target Support Files/Pods-Balad/Pods-Balad-frameworks-${CONFIGURATION}-output-files.xcfilelist",
			);
			runOnlyForDeploymentPostprocessing = 0;
			shellPath = /bin/sh;
			shellScript = "\"${PODS_ROOT}/Target Support Files/Pods-Balad/Pods-Balad-frameworks.sh\"\n";
			showEnvVarsInLog = 0;
		};
		B6ABC34C599FF1CBC7EA6D18 /* [CP] Check Pods Manifest.lock */ = {
			isa = PBXShellScriptBuildPhase;
			buildActionMask = 2147483647;
			files = (
			);
			inputFileListPaths = (
			);
			inputPaths = (
				"${PODS_PODFILE_DIR_PATH}/Podfile.lock",
				"${PODS_ROOT}/Manifest.lock",
			);
			name = "[CP] Check Pods Manifest.lock";
			outputFileListPaths = (
			);
			outputPaths = (
				"$(DERIVED_FILE_DIR)/Pods-Balad-checkManifestLockResult.txt",
			);
			runOnlyForDeploymentPostprocessing = 0;
			shellPath = /bin/sh;
			shellScript = "diff \"${PODS_PODFILE_DIR_PATH}/Podfile.lock\" \"${PODS_ROOT}/Manifest.lock\" > /dev/null\nif [ $? != 0 ] ; then\n    # print error to STDERR\n    echo \"error: The sandbox is not in sync with the Podfile.lock. Run 'pod install' or update your CocoaPods installation.\" >&2\n    exit 1\nfi\n# This output is used by Xcode 'outputs' to avoid re-running this script phase.\necho \"SUCCESS\" > \"${SCRIPT_OUTPUT_FILE_0}\"\n";
			showEnvVarsInLog = 0;
		};
		BD53012EA4678542927BBB01 /* [CP] Check Pods Manifest.lock */ = {
			isa = PBXShellScriptBuildPhase;
			buildActionMask = 2147483647;
			files = (
			);
			inputFileListPaths = (
			);
			inputPaths = (
				"${PODS_PODFILE_DIR_PATH}/Podfile.lock",
				"${PODS_ROOT}/Manifest.lock",
			);
			name = "[CP] Check Pods Manifest.lock";
			outputFileListPaths = (
			);
			outputPaths = (
				"$(DERIVED_FILE_DIR)/Pods-Balad-BaladUITests-checkManifestLockResult.txt",
			);
			runOnlyForDeploymentPostprocessing = 0;
			shellPath = /bin/sh;
			shellScript = "diff \"${PODS_PODFILE_DIR_PATH}/Podfile.lock\" \"${PODS_ROOT}/Manifest.lock\" > /dev/null\nif [ $? != 0 ] ; then\n    # print error to STDERR\n    echo \"error: The sandbox is not in sync with the Podfile.lock. Run 'pod install' or update your CocoaPods installation.\" >&2\n    exit 1\nfi\n# This output is used by Xcode 'outputs' to avoid re-running this script phase.\necho \"SUCCESS\" > \"${SCRIPT_OUTPUT_FILE_0}\"\n";
			showEnvVarsInLog = 0;
		};
		EBF25C5F8B2AE33E5596C020 /* [CP] Check Pods Manifest.lock */ = {
			isa = PBXShellScriptBuildPhase;
			buildActionMask = 2147483647;
			files = (
			);
			inputFileListPaths = (
			);
			inputPaths = (
				"${PODS_PODFILE_DIR_PATH}/Podfile.lock",
				"${PODS_ROOT}/Manifest.lock",
			);
			name = "[CP] Check Pods Manifest.lock";
			outputFileListPaths = (
			);
			outputPaths = (
				"$(DERIVED_FILE_DIR)/Pods-BaladTests-checkManifestLockResult.txt",
			);
			runOnlyForDeploymentPostprocessing = 0;
			shellPath = /bin/sh;
			shellScript = "diff \"${PODS_PODFILE_DIR_PATH}/Podfile.lock\" \"${PODS_ROOT}/Manifest.lock\" > /dev/null\nif [ $? != 0 ] ; then\n    # print error to STDERR\n    echo \"error: The sandbox is not in sync with the Podfile.lock. Run 'pod install' or update your CocoaPods installation.\" >&2\n    exit 1\nfi\n# This output is used by Xcode 'outputs' to avoid re-running this script phase.\necho \"SUCCESS\" > \"${SCRIPT_OUTPUT_FILE_0}\"\n";
			showEnvVarsInLog = 0;
		};
/* End PBXShellScriptBuildPhase section */

/* Begin PBXSourcesBuildPhase section */
		09E880DF25FA61CE004446FF /* Sources */ = {
			isa = PBXSourcesBuildPhase;
			buildActionMask = 2147483647;
			files = (
				098EA154260F56DD00699F8C /* Storable.swift in Sources */,
				09379D2E26107A150040184F /* DetailVC.swift in Sources */,
				095A6265261479A30026AB86 /* DetailCell.swift in Sources */,
				0965787A2613220200254A08 /* TipsResponse.swift in Sources */,
				0965786F26131B8600254A08 /* VenueService.swift in Sources */,
				0922619C260E3B0800A4C345 /* VenuesDataProvider.swift in Sources */,
				09226192260E3AAB00A4C345 /* VenuesServiceDataProvider.swift in Sources */,
				0922621A260E712300A4C345 /* UIView+Nibloadable.swift in Sources */,
				09494BB02612556A00EF0AC8 /* Contact.swift in Sources */,
				0965785C26130B3600254A08 /* VenueDataProvider.swift in Sources */,
				09494BB12612556A00EF0AC8 /* Hour.swift in Sources */,
				09E8820825FA9627004446FF /* VenuesService.swift in Sources */,
				0965786626130C8200254A08 /* VenueCacheDataProvider.swift in Sources */,
				0913752E2612159F0005367E /* VenueAnnotation.swift in Sources */,
				09226121260E1DA500A4C345 /* PlacesResponse.swift in Sources */,
				09226144260E220300A4C345 /* Response+Decodable.swift in Sources */,
				098EA16B260F6F5900699F8C /* PersistStrategy.swift in Sources */,
				09494BA82612556A00EF0AC8 /* Category.swift in Sources */,
				0922618A260E393E00A4C345 /* Connectivity.swift in Sources */,
				091374E52611C8460005367E /* Photos.swift in Sources */,
				09494BAC2612556A00EF0AC8 /* Location.swift in Sources */,
				096578852613228C00254A08 /* Tips.swift in Sources */,
				09494BA92612556A00EF0AC8 /* Photo.swift in Sources */,
				09494BB42612556A00EF0AC8 /* Group.swift in Sources */,
				0913750B2611EA380005367E /* TipCell.swift in Sources */,
				09494BC52612557400EF0AC8 /* Stat.swift in Sources */,
				09494BCA2612557400EF0AC8 /* Venue.swift in Sources */,
				09E881FA25FA7330004446FF /* VenuesApi.swift in Sources */,
				09494BAE2612556A00EF0AC8 /* Item.swift in Sources */,
				091375052611DD760005367E /* DetailInteractor.swift in Sources */,
				092261D8260E4DCA00A4C345 /* AroundMeVC.swift in Sources */,
				0965787526131C1500254A08 /* Constant.swift in Sources */,
				09494BC82612557400EF0AC8 /* User.swift in Sources */,
				0965786126130C6C00254A08 /* VenueServiceDataProvider.swift in Sources */,
				092261BB260E48F200A4C345 /* String+Localizable.swift in Sources */,
				0922611A260E1DA500A4C345 /* BaseResponse.swift in Sources */,
				09226185260E33AE00A4C345 /* AroundMeInteractor.swift in Sources */,
				09379D3726107A6C0040184F /* DetailRouter.swift in Sources */,
				09226180260E339C00A4C345 /* AroundMeRouter.swift in Sources */,
				091374FF2611D6790005367E /* PhotoViewCell.swift in Sources */,
				098EA163260F682C00699F8C /* RealmStorageContext.swift in Sources */,
				09E880E725FA61CE004446FF /* AppDelegate.swift in Sources */,
				0965787026131B8600254A08 /* VenueApi.swift in Sources */,
				0922617B260E337E00A4C345 /* AroundMePresenter.swift in Sources */,
				091375112611F49F0005367E /* DetailPresenter.swift in Sources */,
				09494BAA2612556A00EF0AC8 /* Icon.swift in Sources */,
				09137526261215520005367E /* DetachableObject.swift in Sources */,
				091375162611FA980005367E /* PhotosResponse.swift in Sources */,
				092261B0260E489C00A4C345 /* LocalizeStrings.swift in Sources */,
				09226197260E3ABC00A4C345 /* VenuesCacheDataProvider.swift in Sources */,
				09494BC72612557400EF0AC8 /* Comment.swift in Sources */,
				092261AA260E475A00A4C345 /* UIView+Loading.swift in Sources */,
			);
			runOnlyForDeploymentPostprocessing = 0;
		};
		09E8816925FA696C004446FF /* Sources */ = {
			isa = PBXSourcesBuildPhase;
			buildActionMask = 2147483647;
			files = (
				09E8817025FA696C004446FF /* BaladUITests.swift in Sources */,
			);
			runOnlyForDeploymentPostprocessing = 0;
		};
		09E8817925FA697B004446FF /* Sources */ = {
			isa = PBXSourcesBuildPhase;
			buildActionMask = 2147483647;
			files = (
				09E8818025FA697B004446FF /* BaladTests.swift in Sources */,
			);
			runOnlyForDeploymentPostprocessing = 0;
		};
/* End PBXSourcesBuildPhase section */

/* Begin PBXTargetDependency section */
		09E8817325FA696C004446FF /* PBXTargetDependency */ = {
			isa = PBXTargetDependency;
			target = 09E880E225FA61CE004446FF /* Balad */;
			targetProxy = 09E8817225FA696C004446FF /* PBXContainerItemProxy */;
		};
		09E8818325FA697B004446FF /* PBXTargetDependency */ = {
			isa = PBXTargetDependency;
			target = 09E880E225FA61CE004446FF /* Balad */;
			targetProxy = 09E8818225FA697B004446FF /* PBXContainerItemProxy */;
		};
/* End PBXTargetDependency section */

/* Begin PBXVariantGroup section */
		092261CE260E495100A4C345 /* Localizable.strings */ = {
			isa = PBXVariantGroup;
			children = (
				092261CD260E495100A4C345 /* en */,
				092261D2260E495400A4C345 /* fa-IR */,
			);
			name = Localizable.strings;
			sourceTree = "<group>";
		};
		09E880F125FA61CF004446FF /* LaunchScreen.storyboard */ = {
			isa = PBXVariantGroup;
			children = (
				09E880F225FA61CF004446FF /* Base */,
				092261C3260E492700A4C345 /* fa-IR */,
			);
			name = LaunchScreen.storyboard;
			sourceTree = "<group>";
		};
/* End PBXVariantGroup section */

/* Begin XCBuildConfiguration section */
		09E8810B25FA61CF004446FF /* Debug */ = {
			isa = XCBuildConfiguration;
			buildSettings = {
				ALWAYS_SEARCH_USER_PATHS = NO;
				CLANG_ANALYZER_LOCALIZABILITY_NONLOCALIZED = YES;
				CLANG_ANALYZER_NONNULL = YES;
				CLANG_ANALYZER_NUMBER_OBJECT_CONVERSION = YES_AGGRESSIVE;
				CLANG_CXX_LANGUAGE_STANDARD = "gnu++14";
				CLANG_CXX_LIBRARY = "libc++";
				CLANG_ENABLE_MODULES = YES;
				CLANG_ENABLE_OBJC_ARC = YES;
				CLANG_ENABLE_OBJC_WEAK = YES;
				CLANG_WARN_BLOCK_CAPTURE_AUTORELEASING = YES;
				CLANG_WARN_BOOL_CONVERSION = YES;
				CLANG_WARN_COMMA = YES;
				CLANG_WARN_CONSTANT_CONVERSION = YES;
				CLANG_WARN_DEPRECATED_OBJC_IMPLEMENTATIONS = YES;
				CLANG_WARN_DIRECT_OBJC_ISA_USAGE = YES_ERROR;
				CLANG_WARN_DOCUMENTATION_COMMENTS = YES;
				CLANG_WARN_EMPTY_BODY = YES;
				CLANG_WARN_ENUM_CONVERSION = YES;
				CLANG_WARN_INFINITE_RECURSION = YES;
				CLANG_WARN_INT_CONVERSION = YES;
				CLANG_WARN_NON_LITERAL_NULL_CONVERSION = YES;
				CLANG_WARN_OBJC_IMPLICIT_RETAIN_SELF = YES;
				CLANG_WARN_OBJC_LITERAL_CONVERSION = YES;
				CLANG_WARN_OBJC_ROOT_CLASS = YES_ERROR;
				CLANG_WARN_QUOTED_INCLUDE_IN_FRAMEWORK_HEADER = YES;
				CLANG_WARN_RANGE_LOOP_ANALYSIS = YES;
				CLANG_WARN_STRICT_PROTOTYPES = YES;
				CLANG_WARN_SUSPICIOUS_MOVE = YES;
				CLANG_WARN_UNGUARDED_AVAILABILITY = YES_AGGRESSIVE;
				CLANG_WARN_UNREACHABLE_CODE = YES;
				CLANG_WARN__DUPLICATE_METHOD_MATCH = YES;
				COPY_PHASE_STRIP = NO;
				DEBUG_INFORMATION_FORMAT = dwarf;
				ENABLE_STRICT_OBJC_MSGSEND = YES;
				ENABLE_TESTABILITY = YES;
				GCC_C_LANGUAGE_STANDARD = gnu11;
				GCC_DYNAMIC_NO_PIC = NO;
				GCC_NO_COMMON_BLOCKS = YES;
				GCC_OPTIMIZATION_LEVEL = 0;
				GCC_PREPROCESSOR_DEFINITIONS = (
					"DEBUG=1",
					"$(inherited)",
				);
				GCC_WARN_64_TO_32_BIT_CONVERSION = YES;
				GCC_WARN_ABOUT_RETURN_TYPE = YES_ERROR;
				GCC_WARN_UNDECLARED_SELECTOR = YES;
				GCC_WARN_UNINITIALIZED_AUTOS = YES_AGGRESSIVE;
				GCC_WARN_UNUSED_FUNCTION = YES;
				GCC_WARN_UNUSED_VARIABLE = YES;
				IPHONEOS_DEPLOYMENT_TARGET = 14.0;
				MTL_ENABLE_DEBUG_INFO = INCLUDE_SOURCE;
				MTL_FAST_MATH = YES;
				ONLY_ACTIVE_ARCH = YES;
				SDKROOT = iphoneos;
				SWIFT_ACTIVE_COMPILATION_CONDITIONS = DEBUG;
				SWIFT_OPTIMIZATION_LEVEL = "-Onone";
			};
			name = Debug;
		};
		09E8810C25FA61CF004446FF /* Release */ = {
			isa = XCBuildConfiguration;
			buildSettings = {
				ALWAYS_SEARCH_USER_PATHS = NO;
				CLANG_ANALYZER_LOCALIZABILITY_NONLOCALIZED = YES;
				CLANG_ANALYZER_NONNULL = YES;
				CLANG_ANALYZER_NUMBER_OBJECT_CONVERSION = YES_AGGRESSIVE;
				CLANG_CXX_LANGUAGE_STANDARD = "gnu++14";
				CLANG_CXX_LIBRARY = "libc++";
				CLANG_ENABLE_MODULES = YES;
				CLANG_ENABLE_OBJC_ARC = YES;
				CLANG_ENABLE_OBJC_WEAK = YES;
				CLANG_WARN_BLOCK_CAPTURE_AUTORELEASING = YES;
				CLANG_WARN_BOOL_CONVERSION = YES;
				CLANG_WARN_COMMA = YES;
				CLANG_WARN_CONSTANT_CONVERSION = YES;
				CLANG_WARN_DEPRECATED_OBJC_IMPLEMENTATIONS = YES;
				CLANG_WARN_DIRECT_OBJC_ISA_USAGE = YES_ERROR;
				CLANG_WARN_DOCUMENTATION_COMMENTS = YES;
				CLANG_WARN_EMPTY_BODY = YES;
				CLANG_WARN_ENUM_CONVERSION = YES;
				CLANG_WARN_INFINITE_RECURSION = YES;
				CLANG_WARN_INT_CONVERSION = YES;
				CLANG_WARN_NON_LITERAL_NULL_CONVERSION = YES;
				CLANG_WARN_OBJC_IMPLICIT_RETAIN_SELF = YES;
				CLANG_WARN_OBJC_LITERAL_CONVERSION = YES;
				CLANG_WARN_OBJC_ROOT_CLASS = YES_ERROR;
				CLANG_WARN_QUOTED_INCLUDE_IN_FRAMEWORK_HEADER = YES;
				CLANG_WARN_RANGE_LOOP_ANALYSIS = YES;
				CLANG_WARN_STRICT_PROTOTYPES = YES;
				CLANG_WARN_SUSPICIOUS_MOVE = YES;
				CLANG_WARN_UNGUARDED_AVAILABILITY = YES_AGGRESSIVE;
				CLANG_WARN_UNREACHABLE_CODE = YES;
				CLANG_WARN__DUPLICATE_METHOD_MATCH = YES;
				COPY_PHASE_STRIP = NO;
				DEBUG_INFORMATION_FORMAT = "dwarf-with-dsym";
				ENABLE_NS_ASSERTIONS = NO;
				ENABLE_STRICT_OBJC_MSGSEND = YES;
				GCC_C_LANGUAGE_STANDARD = gnu11;
				GCC_NO_COMMON_BLOCKS = YES;
				GCC_WARN_64_TO_32_BIT_CONVERSION = YES;
				GCC_WARN_ABOUT_RETURN_TYPE = YES_ERROR;
				GCC_WARN_UNDECLARED_SELECTOR = YES;
				GCC_WARN_UNINITIALIZED_AUTOS = YES_AGGRESSIVE;
				GCC_WARN_UNUSED_FUNCTION = YES;
				GCC_WARN_UNUSED_VARIABLE = YES;
				IPHONEOS_DEPLOYMENT_TARGET = 14.0;
				MTL_ENABLE_DEBUG_INFO = NO;
				MTL_FAST_MATH = YES;
				SDKROOT = iphoneos;
				SWIFT_COMPILATION_MODE = wholemodule;
				SWIFT_OPTIMIZATION_LEVEL = "-O";
				VALIDATE_PRODUCT = YES;
			};
			name = Release;
		};
		09E8810E25FA61CF004446FF /* Debug */ = {
			isa = XCBuildConfiguration;
			baseConfigurationReference = 8B9AC9E97FE7E6D7A7FCCE65 /* Pods-Balad.debug.xcconfig */;
			buildSettings = {
				ALWAYS_EMBED_SWIFT_STANDARD_LIBRARIES = "$(inherited)";
				ASSETCATALOG_COMPILER_APPICON_NAME = AppIcon;
				ASSETCATALOG_COMPILER_GLOBAL_ACCENT_COLOR_NAME = AccentColor;
				CODE_SIGN_STYLE = Automatic;
				DEVELOPMENT_TEAM = 2A7E3G2ZY9;
				INFOPLIST_FILE = Balad/Info.plist;
				IPHONEOS_DEPLOYMENT_TARGET = 13.0;
				LD_RUNPATH_SEARCH_PATHS = (
					"$(inherited)",
					"@executable_path/Frameworks",
				);
				PRODUCT_BUNDLE_IDENTIFIER = com.organization.BaladTest;
				PRODUCT_NAME = "$(TARGET_NAME)";
				SWIFT_VERSION = 5.0;
				TARGETED_DEVICE_FAMILY = "1,2";
			};
			name = Debug;
		};
		09E8810F25FA61CF004446FF /* Release */ = {
			isa = XCBuildConfiguration;
			baseConfigurationReference = 45589F7B912E0C33F25E8485 /* Pods-Balad.release.xcconfig */;
			buildSettings = {
				ALWAYS_EMBED_SWIFT_STANDARD_LIBRARIES = "$(inherited)";
				ASSETCATALOG_COMPILER_APPICON_NAME = AppIcon;
				ASSETCATALOG_COMPILER_GLOBAL_ACCENT_COLOR_NAME = AccentColor;
				CODE_SIGN_STYLE = Automatic;
				DEVELOPMENT_TEAM = 2A7E3G2ZY9;
				INFOPLIST_FILE = Balad/Info.plist;
				IPHONEOS_DEPLOYMENT_TARGET = 13.0;
				LD_RUNPATH_SEARCH_PATHS = (
					"$(inherited)",
					"@executable_path/Frameworks",
				);
				PRODUCT_BUNDLE_IDENTIFIER = com.organization.BaladTest;
				PRODUCT_NAME = "$(TARGET_NAME)";
				SWIFT_VERSION = 5.0;
				TARGETED_DEVICE_FAMILY = "1,2";
			};
			name = Release;
		};
		09E8817525FA696C004446FF /* Debug */ = {
			isa = XCBuildConfiguration;
			baseConfigurationReference = FEFF0EC1DEB64C2976D8CA8D /* Pods-Balad-BaladUITests.debug.xcconfig */;
			buildSettings = {
				CODE_SIGN_STYLE = Automatic;
				DEVELOPMENT_TEAM = 2A7E3G2ZY9;
				INFOPLIST_FILE = BaladUITests/Info.plist;
				LD_RUNPATH_SEARCH_PATHS = (
					"$(inherited)",
					"@executable_path/Frameworks",
					"@loader_path/Frameworks",
				);
				PRODUCT_BUNDLE_IDENTIFIER = com.organization.BaladUITests;
				PRODUCT_NAME = "$(TARGET_NAME)";
				SWIFT_VERSION = 5.0;
				TARGETED_DEVICE_FAMILY = "1,2";
				TEST_TARGET_NAME = Balad;
			};
			name = Debug;
		};
		09E8817625FA696C004446FF /* Release */ = {
			isa = XCBuildConfiguration;
			baseConfigurationReference = 2768C7E77CFD0A058405371B /* Pods-Balad-BaladUITests.release.xcconfig */;
			buildSettings = {
				CODE_SIGN_STYLE = Automatic;
				DEVELOPMENT_TEAM = 2A7E3G2ZY9;
				INFOPLIST_FILE = BaladUITests/Info.plist;
				LD_RUNPATH_SEARCH_PATHS = (
					"$(inherited)",
					"@executable_path/Frameworks",
					"@loader_path/Frameworks",
				);
				PRODUCT_BUNDLE_IDENTIFIER = com.organization.BaladUITests;
				PRODUCT_NAME = "$(TARGET_NAME)";
				SWIFT_VERSION = 5.0;
				TARGETED_DEVICE_FAMILY = "1,2";
				TEST_TARGET_NAME = Balad;
			};
			name = Release;
		};
		09E8818525FA697B004446FF /* Debug */ = {
			isa = XCBuildConfiguration;
			baseConfigurationReference = 7CA9457F3D7953B8CAA410F6 /* Pods-BaladTests.debug.xcconfig */;
			buildSettings = {
				BUNDLE_LOADER = "$(TEST_HOST)";
				CODE_SIGN_STYLE = Automatic;
				DEVELOPMENT_TEAM = 2A7E3G2ZY9;
				INFOPLIST_FILE = BaladTests/Info.plist;
				LD_RUNPATH_SEARCH_PATHS = (
					"$(inherited)",
					"@executable_path/Frameworks",
					"@loader_path/Frameworks",
				);
				PRODUCT_BUNDLE_IDENTIFIER = com.organization.BaladTests;
				PRODUCT_NAME = "$(TARGET_NAME)";
				SWIFT_VERSION = 5.0;
				TARGETED_DEVICE_FAMILY = "1,2";
				TEST_HOST = "$(BUILT_PRODUCTS_DIR)/Balad.app/Balad";
			};
			name = Debug;
		};
		09E8818625FA697B004446FF /* Release */ = {
			isa = XCBuildConfiguration;
			baseConfigurationReference = 70393335402E6E830A68E67D /* Pods-BaladTests.release.xcconfig */;
			buildSettings = {
				BUNDLE_LOADER = "$(TEST_HOST)";
				CODE_SIGN_STYLE = Automatic;
				DEVELOPMENT_TEAM = 2A7E3G2ZY9;
				INFOPLIST_FILE = BaladTests/Info.plist;
				LD_RUNPATH_SEARCH_PATHS = (
					"$(inherited)",
					"@executable_path/Frameworks",
					"@loader_path/Frameworks",
				);
				PRODUCT_BUNDLE_IDENTIFIER = com.organization.BaladTests;
				PRODUCT_NAME = "$(TARGET_NAME)";
				SWIFT_VERSION = 5.0;
				TARGETED_DEVICE_FAMILY = "1,2";
				TEST_HOST = "$(BUILT_PRODUCTS_DIR)/Balad.app/Balad";
			};
			name = Release;
		};
/* End XCBuildConfiguration section */

/* Begin XCConfigurationList section */
		09E880DE25FA61CE004446FF /* Build configuration list for PBXProject "Balad" */ = {
			isa = XCConfigurationList;
			buildConfigurations = (
				09E8810B25FA61CF004446FF /* Debug */,
				09E8810C25FA61CF004446FF /* Release */,
			);
			defaultConfigurationIsVisible = 0;
			defaultConfigurationName = Release;
		};
		09E8810D25FA61CF004446FF /* Build configuration list for PBXNativeTarget "Balad" */ = {
			isa = XCConfigurationList;
			buildConfigurations = (
				09E8810E25FA61CF004446FF /* Debug */,
				09E8810F25FA61CF004446FF /* Release */,
			);
			defaultConfigurationIsVisible = 0;
			defaultConfigurationName = Release;
		};
		09E8817425FA696C004446FF /* Build configuration list for PBXNativeTarget "BaladUITests" */ = {
			isa = XCConfigurationList;
			buildConfigurations = (
				09E8817525FA696C004446FF /* Debug */,
				09E8817625FA696C004446FF /* Release */,
			);
			defaultConfigurationIsVisible = 0;
			defaultConfigurationName = Release;
		};
		09E8818425FA697B004446FF /* Build configuration list for PBXNativeTarget "BaladTests" */ = {
			isa = XCConfigurationList;
			buildConfigurations = (
				09E8818525FA697B004446FF /* Debug */,
				09E8818625FA697B004446FF /* Release */,
			);
			defaultConfigurationIsVisible = 0;
			defaultConfigurationName = Release;
		};
/* End XCConfigurationList section */
	};
	rootObject = 09E880DB25FA61CE004446FF /* Project object */;
}
